
Microsoft Visual Studio Solution File, Format Version 12.00
# Visual Studio Version 17
VisualStudioVersion = 17.0.32014.148
MinimumVisualStudioVersion = 10.0.40219.1
Project("{9A19103F-16F7-4668-BE54-9A1E7A4F7556}") = "FreakyFashionServices.StockService", "FreakyFashionServices.StockService\FreakyFashionServices.StockService.csproj", "{423F42F9-0EE3-4C82-B6B8-72D01B2E7AF4}"
EndProject
Project("{9A19103F-16F7-4668-BE54-9A1E7A4F7556}") = "FreakyFashionServices.CatalogService", "FreakyFashionServices.CatalogService\FreakyFashionServices.CatalogService.csproj", "{642F4D93-3EDA-4412-A3A3-FEFBA5F12EDC}"
EndProject
Project("{9A19103F-16F7-4668-BE54-9A1E7A4F7556}") = "FreakyFashionServices.BasketService", "FreakyFashionServices.BasketService\FreakyFashionServices.BasketService.csproj", "{A0150CEF-4BAE-4619-9D9A-420DD37CFC4D}"
EndProject
Project("{FAE04EC0-301F-11D3-BF4B-00C04F79EFBC}") = "FreakyFashionServices.OrderService", "FreakyFashionServices.OrderService\FreakyFashionServices.OrderService.csproj", "{6F849304-EF86-47BD-B2D0-60140AF76A21}"
EndProject
Global
	GlobalSection(SolutionConfigurationPlatforms) = preSolution
		Debug|Any CPU = Debug|Any CPU
		Release|Any CPU = Release|Any CPU
	EndGlobalSection
	GlobalSection(ProjectConfigurationPlatforms) = postSolution
		{423F42F9-0EE3-4C82-B6B8-72D01B2E7AF4}.Debug|Any CPU.ActiveCfg = Debug|Any CPU
		{423F42F9-0EE3-4C82-B6B8-72D01B2E7AF4}.Debug|Any CPU.Build.0 = Debug|Any CPU
		{423F42F9-0EE3-4C82-B6B8-72D01B2E7AF4}.Release|Any CPU.ActiveCfg = Release|Any CPU
		{423F42F9-0EE3-4C82-B6B8-72D01B2E7AF4}.Release|Any CPU.Build.0 = Release|Any CPU
		{642F4D93-3EDA-4412-A3A3-FEFBA5F12EDC}.Debug|Any CPU.ActiveCfg = Debug|Any CPU
		{642F4D93-3EDA-4412-A3A3-FEFBA5F12EDC}.Debug|Any CPU.Build.0 = Debug|Any CPU
		{642F4D93-3EDA-4412-A3A3-FEFBA5F12EDC}.Release|Any CPU.ActiveCfg = Release|Any CPU
		{642F4D93-3EDA-4412-A3A3-FEFBA5F12EDC}.Release|Any CPU.Build.0 = Release|Any CPU
		{A0150CEF-4BAE-4619-9D9A-420DD37CFC4D}.Debug|Any CPU.ActiveCfg = Debug|Any CPU
		{A0150CEF-4BAE-4619-9D9A-420DD37CFC4D}.Debug|Any CPU.Build.0 = Debug|Any CPU
		{A0150CEF-4BAE-4619-9D9A-420DD37CFC4D}.Release|Any CPU.ActiveCfg = Release|Any CPU
		{A0150CEF-4BAE-4619-9D9A-420DD37CFC4D}.Release|Any CPU.Build.0 = Release|Any CPU
		{6F849304-EF86-47BD-B2D0-60140AF76A21}.Debug|Any CPU.ActiveCfg = Debug|Any CPU
		{6F849304-EF86-47BD-B2D0-60140AF76A21}.Debug|Any CPU.Build.0 = Debug|Any CPU
		{6F849304-EF86-47BD-B2D0-60140AF76A21}.Release|Any CPU.ActiveCfg = Release|Any CPU
		{6F849304-EF86-47BD-B2D0-60140AF76A21}.Release|Any CPU.Build.0 = Release|Any CPU
	EndGlobalSection
	GlobalSection(SolutionProperties) = preSolution
		HideSolutionNode = FALSE
	EndGlobalSection
	GlobalSection(ExtensibilityGlobals) = postSolution
		SolutionGuid = {ACFA08EF-D86E-465F-B1C2-93C5A9DFDC8F}
	EndGlobalSection
EndGlobal
